1s
Run terraform apply -auto-approve -var-file="terraform.tfvars"
/home/runner/work/_temp/33f09d9e-5363-48de-b47e-7703de6ad1c8/terraform-bin apply -auto-approve -var-file=terraform.tfvars

Terraform used the selected providers to generate the following execution
plan. Resource actions are indicated with the following symbols:
  + create

Terraform will perform the following actions:

  # docker_container.app will be created
  + resource "docker_container" "app" {
      + attach                                      = false
      + bridge                                      = (known after apply)
      + command                                     = (known after apply)
      + container_logs                              = (known after apply)
      + container_read_refresh_timeout_milliseconds = 15000
      + entrypoint                                  = (known after apply)
      + env                                         = (sensitive value)
      + exit_code                                   = (known after apply)
      + hostname                                    = (known after apply)
      + id                                          = (known after apply)
      + image                                       = (known after apply)
      + init                                        = (known after apply)
      + ipc_mode                                    = (known after apply)
      + log_driver                                  = (known after apply)
      + logs                                        = true
      + must_run                                    = true
      + name                                        = "***-app"
      + network_data                                = (known after apply)
      + read_only                                   = false
      + remove_volumes                              = true
      + restart                                     = "no"
      + rm                                          = false
      + runtime                                     = (known after apply)
      + security_opts                               = (known after apply)
      + shm_size                                    = (known after apply)
      + start                                       = true
      + stdin_open                                  = false
      + stop_signal                                 = (known after apply)
      + stop_timeout                                = (known after apply)
      + tty                                         = false
      + wait                                        = false
      + wait_timeout                                = 60

      + healthcheck {
          + interval     = "30s"
          + retries      = 3
          + start_period = "60s"
          + test         = [
              + "CMD",
              + "curl",
              + "-f",
              + "http://localhost:8080/actuator/health",
            ]
          + timeout      = "10s"
        }

      + labels (known after apply)

      + networks_advanced {
          + aliases      = []
          + name         = "***-network"
            # (2 unchanged attributes hidden)
        }

      + ports {
          + external = 8080
          + internal = 8080
          + ip       = "0.0.0.0"
          + protocol = "tcp"
        }
    }

  # docker_container.mysql will be created
  + resource "docker_container" "mysql" {
      + attach                                      = false
      + bridge                                      = (known after apply)
      + command                                     = (known after apply)
      + container_logs                              = (known after apply)
      + container_read_refresh_timeout_milliseconds = 15000
      + entrypoint                                  = (known after apply)
      + env                                         = (sensitive value)
      + exit_code                                   = (known after apply)
      + hostname                                    = (known after apply)
      + id                                          = (known after apply)
      + image                                       = (known after apply)
      + init                                        = (known after apply)
      + ipc_mode                                    = (known after apply)
      + log_driver                                  = (known after apply)
      + logs                                        = false
      + must_run                                    = true
      + name                                        = "***"
      + network_data                                = (known after apply)
      + read_only                                   = false
      + remove_volumes                              = true
      + restart                                     = "no"
      + rm                                          = false
      + runtime                                     = (known after apply)
      + security_opts                               = (known after apply)
      + shm_size                                    = (known after apply)
      + start                                       = true
      + stdin_open                                  = false
      + stop_signal                                 = (known after apply)
      + stop_timeout                                = (known after apply)
      + tty                                         = false
      + wait                                        = false
      + wait_timeout                                = 60

      + healthcheck {
          + interval     = "10s"
          + retries      = 5
          + start_period = "0s"
          + test         = [
              + "CMD",
              + "mysqladmin",
              + "ping",
              + "-h",
              + "localhost",
            ]
          + timeout      = "5s"
        }

      + labels (known after apply)

      + networks_advanced {
          + aliases      = []
          + name         = "***-network"
            # (2 unchanged attributes hidden)
        }

      + ports {
          + external = 3306
          + internal = 3306
          + ip       = "0.0.0.0"
          + protocol = "tcp"
        }
    }

  # docker_image.app will be created
  + resource "docker_image" "app" {
      + id           = (known after apply)
      + image_id     = (known after apply)
      + keep_locally = true
      + name         = "***:f77f1d74a7995ede848b756fed519292295e9779"
      + repo_digest  = (known after apply)
    }

  # docker_image.mysql will be created
  + resource "docker_image" "mysql" {
      + id           = (known after apply)
      + image_id     = (known after apply)
      + keep_locally = false
      + name         = "mysql:8.0"
      + repo_digest  = (known after apply)
    }

  # docker_network.app will be created
  + resource "docker_network" "app" {
      + driver      = "bridge"
      + id          = (known after apply)
      + internal    = (known after apply)
      + ipam_driver = "default"
      + name        = "***-network"
      + options     = (known after apply)
      + scope       = (known after apply)

      + ipam_config (known after apply)
    }

  # local_file.connection_info will be created
  + resource "local_file" "connection_info" {
      + content              = (sensitive value)
      + content_base64sha256 = (known after apply)
      + content_base64sha512 = (known after apply)
      + content_md5          = (known after apply)
      + content_sha1         = (known after apply)
      + content_sha256       = (known after apply)
      + content_sha512       = (known after apply)
      + directory_permission = "0777"
      + file_permission      = "0777"
      + filename             = "./connection-info.json"
      + id                   = (known after apply)
    }

Plan: 6 to add, 0 to change, 0 to destroy.

Changes to Outputs:
  + app_container_id     = (known after apply)
  + app_url              = "http://localhost:8080"
  + connection_info_file = "./connection-info.json"
  + mysql_container_id   = (known after apply)
  + mysql_host           = "***"
docker_network.app: Creating...
docker_image.app: Creating...
docker_image.mysql: Creating...
╷
│ Error: Unable to read Docker image into resource: unable to list Docker images: Error response from daemon: client version 1.41 is too old. Minimum supported API version is 1.44, please upgrade your client to a newer version
│ 
│   with docker_image.mysql,
│   on main.tf line 15, in resource "docker_image" "mysql":
│   15: resource "docker_image" "mysql" {
│ 
╵
╷
│ Error: Unable to read Docker image into resource: unable to list Docker images: Error response from daemon: client version 1.41 is too old. Minimum supported API version is 1.44, please upgrade your client to a newer version
│ 
│   with docker_image.app,
│   on main.tf line 49, in resource "docker_image" "app":
│   49: resource "docker_image" "app" {
│ 
╵
╷
│ Error: Unable to create network: Error response from daemon: client version 1.41 is too old. Minimum supported API version is 1.44, please upgrade your client to a newer version
│ 
│   with docker_network.app,
│   on main.tf line 123, in resource "docker_network" "app":
│  123: resource "docker_network" "app" {
│ 
╵
Error: Terraform exited with code 1.
Error: Process completed with exit code 1.